
Microsoft Visual Studio Solution File, Format Version 12.00
# Visual Studio Version 17
VisualStudioVersion = 17.0.31903.59
MinimumVisualStudioVersion = 10.0.40219.1
Project("{FAE04EC0-301F-11D3-BF4B-00C04F79EFBC}") = "API", "API\API.csproj", "{279750FE-28B3-47F7-9C6A-57F5F884620A}"
EndProject
Project("{FAE04EC0-301F-11D3-BF4B-00C04F79EFBC}") = "Core", "Core\Core.csproj", "{3E9FB2BB-63AA-4833-A713-A8AF6F608257}"
EndProject
Project("{FAE04EC0-301F-11D3-BF4B-00C04F79EFBC}") = "Infrastructure", "Infrastructure\Infrastructure.csproj", "{16E78016-2AB9-439F-8767-6ED5BA46DCDB}"
EndProject
Global
	GlobalSection(SolutionConfigurationPlatforms) = preSolution
		Debug|Any CPU = Debug|Any CPU
		Release|Any CPU = Release|Any CPU
	EndGlobalSection
	GlobalSection(SolutionProperties) = preSolution
		HideSolutionNode = FALSE
	EndGlobalSection
	GlobalSection(ProjectConfigurationPlatforms) = postSolution
		{279750FE-28B3-47F7-9C6A-57F5F884620A}.Debug|Any CPU.ActiveCfg = Debug|Any CPU
		{279750FE-28B3-47F7-9C6A-57F5F884620A}.Debug|Any CPU.Build.0 = Debug|Any CPU
		{279750FE-28B3-47F7-9C6A-57F5F884620A}.Release|Any CPU.ActiveCfg = Release|Any CPU
		{279750FE-28B3-47F7-9C6A-57F5F884620A}.Release|Any CPU.Build.0 = Release|Any CPU
		{3E9FB2BB-63AA-4833-A713-A8AF6F608257}.Debug|Any CPU.ActiveCfg = Debug|Any CPU
		{3E9FB2BB-63AA-4833-A713-A8AF6F608257}.Debug|Any CPU.Build.0 = Debug|Any CPU
		{3E9FB2BB-63AA-4833-A713-A8AF6F608257}.Release|Any CPU.ActiveCfg = Release|Any CPU
		{3E9FB2BB-63AA-4833-A713-A8AF6F608257}.Release|Any CPU.Build.0 = Release|Any CPU
		{16E78016-2AB9-439F-8767-6ED5BA46DCDB}.Debug|Any CPU.ActiveCfg = Debug|Any CPU
		{16E78016-2AB9-439F-8767-6ED5BA46DCDB}.Debug|Any CPU.Build.0 = Debug|Any CPU
		{16E78016-2AB9-439F-8767-6ED5BA46DCDB}.Release|Any CPU.ActiveCfg = Release|Any CPU
		{16E78016-2AB9-439F-8767-6ED5BA46DCDB}.Release|Any CPU.Build.0 = Release|Any CPU
	EndGlobalSection
EndGlobal
